
Microsoft Visual Studio Solution File, Format Version 12.00
# Visual Studio Version 17
VisualStudioVersion = 17.7.34202.233
MinimumVisualStudioVersion = 10.0.40219.1
Project("{FAE04EC0-301F-11D3-BF4B-00C04F79EFBC}") = "Actividad 1.2", "Actividad 1.2\Actividad 1.2.csproj", "{4A8E1FE6-2AE7-479F-AEAB-3380FDC1DDDA}"
EndProject
Global
	GlobalSection(SolutionConfigurationPlatforms) = preSolution
		Debug|Any CPU = Debug|Any CPU
		Release|Any CPU = Release|Any CPU
	EndGlobalSection
	GlobalSection(ProjectConfigurationPlatforms) = postSolution
		{4A8E1FE6-2AE7-479F-AEAB-3380FDC1DDDA}.Debug|Any CPU.ActiveCfg = Debug|Any CPU
		{4A8E1FE6-2AE7-479F-AEAB-3380FDC1DDDA}.Debug|Any CPU.Build.0 = Debug|Any CPU
		{4A8E1FE6-2AE7-479F-AEAB-3380FDC1DDDA}.Release|Any CPU.ActiveCfg = Release|Any CPU
		{4A8E1FE6-2AE7-479F-AEAB-3380FDC1DDDA}.Release|Any CPU.Build.0 = Release|Any CPU
	EndGlobalSection
	GlobalSection(SolutionProperties) = preSolution
		HideSolutionNode = FALSE
	EndGlobalSection
	GlobalSection(ExtensibilityGlobals) = postSolution
		SolutionGuid = {998915AF-F659-4D59-9F08-B9D68753E915}
	EndGlobalSection
EndGlobal
